// !$*UTF8*$!
{
	archiveVersion = 1;
	classes = {
	};
	objectVersion = 50;
	objects = {

/* Begin PBXBuildFile section */
		C7D0C3B6266DF02E0037F1FC /* AppDelegate.swift in Sources */ = {isa = PBXBuildFile; fileRef = C7D0C3B5266DF02E0037F1FC /* AppDelegate.swift */; };
		C7D0C3B8266DF02E0037F1FC /* SceneDelegate.swift in Sources */ = {isa = PBXBuildFile; fileRef = C7D0C3B7266DF02E0037F1FC /* SceneDelegate.swift */; };
		C7D0C3BA266DF02E0037F1FC /* ViewController.swift in Sources */ = {isa = PBXBuildFile; fileRef = C7D0C3B9266DF02E0037F1FC /* ViewController.swift */; };
		C7D0C3BD266DF02E0037F1FC /* Main.storyboard in Resources */ = {isa = PBXBuildFile; fileRef = C7D0C3BB266DF02E0037F1FC /* Main.storyboard */; };
		C7D0C3BF266DF0360037F1FC /* Assets.xcassets in Resources */ = {isa = PBXBuildFile; fileRef = C7D0C3BE266DF0360037F1FC /* Assets.xcassets */; };
		C7D0C3C2266DF0360037F1FC /* LaunchScreen.storyboard in Resources */ = {isa = PBXBuildFile; fileRef = C7D0C3C0266DF0360037F1FC /* LaunchScreen.storyboard */; };
/* End PBXBuildFile section */

/* Begin PBXFileReference section */
		C7D0C3B2266DF02E0037F1FC /* HigherOrderFunctions.app */ = {isa = PBXFileReference; explicitFileType = wrapper.application; includeInIndex = 0; path = HigherOrderFunctions.app; sourceTree = BUILT_PRODUCTS_DIR; };
		C7D0C3B5266DF02E0037F1FC /* AppDelegate.swift */ = {isa = PBXFileReference; lastKnownFileType = sourcecode.swift; path = AppDelegate.swift; sourceTree = "<group>"; };
		C7D0C3B7266DF02E0037F1FC /* SceneDelegate.swift */ = {isa = PBXFileReference; lastKnownFileType = sourcecode.swift; path = SceneDelegate.swift; sourceTree = "<group>"; };
		C7D0C3B9266DF02E0037F1FC /* ViewController.swift */ = {isa = PBXFileReference; lastKnownFileType = sourcecode.swift; path = ViewController.swift; sourceTree = "<group>"; };
		C7D0C3BC266DF02E0037F1FC /* Base */ = {isa = PBXFileReference; lastKnownFileType = file.storyboard; name = Base; path = Base.lproj/Main.storyboard; sourceTree = "<group>"; };
		C7D0C3BE266DF0360037F1FC /* Assets.xcassets */ = {isa = PBXFileReference; lastKnownFileType = folder.assetcatalog; path = Assets.xcassets; sourceTree = "<group>"; };
		C7D0C3C1266DF0360037F1FC /* Base */ = {isa = PBXFileReference; lastKnownFileType = file.storyboard; name = Base; path = Base.lproj/LaunchScreen.storyboard; sourceTree = "<group>"; };
		C7D0C3C3266DF0360037F1FC /* Info.plist */ = {isa = PBXFileReference; lastKnownFileType = text.plist.xml; path = Info.plist; sourceTree = "<group>"; };
/* End PBXFileReference section */

/* Begin PBXFrameworksBuildPhase section */
		C7D0C3AF266DF02E0037F1FC /* Frameworks */ = {
			isa = PBXFrameworksBuildPhase;
			buildActionMask = 2147483647;
			files = (
			);
			runOnlyForDeploymentPostprocessing = 0;
		};
/* End PBXFrameworksBuildPhase section */

/* Begin PBXGroup section */
		C7D0C3A9266DF02E0037F1FC = {
			isa = PBXGroup;
			children = (
				C7D0C3B4266DF02E0037F1FC /* HigherOrderFunctions */,
				C7D0C3B3266DF02E0037F1FC /* Products */,
			);
			sourceTree = "<group>";
		};
		C7D0C3B3266DF02E0037F1FC /* Products */ = {
			isa = PBXGroup;
			children = (
				C7D0C3B2266DF02E0037F1FC /* HigherOrderFunctions.app */,
			);
			name = Products;
			sourceTree = "<group>";
		};
		C7D0C3B4266DF02E0037F1FC /* HigherOrderFunctions */ = {
			isa = PBXGroup;
			children = (
				C7D0C3B5266DF02E0037F1FC /* AppDelegate.swift */,
				C7D0C3B7266DF02E0037F1FC /* SceneDelegate.swift */,
				C7D0C3B9266DF02E0037F1FC /* ViewController.swift */,
				C7D0C3BB266DF02E0037F1FC /* Main.storyboard */,
				C7D0C3BE266DF0360037F1FC /* Assets.xcassets */,
				C7D0C3C0266DF0360037F1FC /* LaunchScreen.storyboard */,
				C7D0C3C3266DF0360037F1FC /* Info.plist */,
			);
			path = HigherOrderFunctions;
			sourceTree = "<group>";
		};
/* End PBXGroup section */

/* Begin PBXNativeTarget section */
		C7D0C3B1266DF02E0037F1FC /* HigherOrderFunctions */ = {
			isa = PBXNativeTarget;
			buildConfigurationList = C7D0C3C6266DF0360037F1FC /* Build configuration list for PBXNativeTarget "HigherOrderFunctions" */;
			buildPhases = (
				C7D0C3AE266DF02E0037F1FC /* Sources */,
				C7D0C3AF266DF02E0037F1FC /* Frameworks */,
				C7D0C3B0266DF02E0037F1FC /* Resources */,
			);
			buildRules = (
			);
			dependencies = (
			);
			name = HigherOrderFunctions;
			productName = HigherOrderFunctions;
			productReference = C7D0C3B2266DF02E0037F1FC /* HigherOrderFunctions.app */;
			productType = "com.apple.product-type.application";
		};
/* End PBXNativeTarget section */

/* Begin PBXProject section */
		C7D0C3AA266DF02E0037F1FC /* Project object */ = {
			isa = PBXProject;
			attributes = {
				LastSwiftUpdateCheck = 1250;
				LastUpgradeCheck = 1250;
				TargetAttributes = {
					C7D0C3B1266DF02E0037F1FC = {
						CreatedOnToolsVersion = 12.5;
					};
				};
			};
			buildConfigurationList = C7D0C3AD266DF02E0037F1FC /* Build configuration list for PBXProject "HigherOrderFunctions" */;
			compatibilityVersion = "Xcode 9.3";
			developmentRegion = en;
			hasScannedForEncodings = 0;
			knownRegions = (
				en,
				Base,
			);
			mainGroup = C7D0C3A9266DF02E0037F1FC;
			productRefGroup = C7D0C3B3266DF02E0037F1FC /* Products */;
			projectDirPath = "";
			projectRoot = "";
			targets = (
				C7D0C3B1266DF02E0037F1FC /* HigherOrderFunctions */,
			);
		};
/* End PBXProject section */

/* Begin PBXResourcesBuildPhase section */
		C7D0C3B0266DF02E0037F1FC /* Resources */ = {
			isa = PBXResourcesBuildPhase;
			buildActionMask = 2147483647;
			files = (
				C7D0C3C2266DF0360037F1FC /* LaunchScreen.storyboard in Resources */,
				C7D0C3BF266DF0360037F1FC /* Assets.xcassets in Resources */,
				C7D0C3BD266DF02E0037F1FC /* Main.storyboard in Resources */,
			);
			runOnlyForDeploymentPostprocessing = 0;
		};
/* End PBXResourcesBuildPhase section */

/* Begin PBXSourcesBuildPhase section */
		C7D0C3AE266DF02E0037F1FC /* Sources */ = {
			isa = PBXSourcesBuildPhase;
			buildActionMask = 2147483647;
			files = (
				C7D0C3BA266DF02E0037F1FC /* ViewController.swift in Sources */,
				C7D0C3B6266DF02E0037F1FC /* AppDelegate.swift in Sources */,
				C7D0C3B8266DF02E0037F1FC /* SceneDelegate.swift in Sources */,
			);
			runOnlyForDeploymentPostprocessing = 0;
		};
/* End PBXSourcesBuildPhase section */

/* Begin PBXVariantGroup section */
		C7D0C3BB266DF02E0037F1FC /* Main.storyboard */ = {
			isa = PBXVariantGroup;
			children = (
				C7D0C3BC266DF02E0037F1FC /* Base */,
			);
			name = Main.storyboard;
			sourceTree = "<group>";
		};
		C7D0C3C0266DF0360037F1FC /* LaunchScreen.storyboard */ = {
			isa = PBXVariantGroup;
			children = (
				C7D0C3C1266DF0360037F1FC /* Base */,
			);
			name = LaunchScreen.storyboard;
			sourceTree = "<group>";
		};
/* End PBXVariantGroup section */

/* Begin XCBuildConfiguration section */
		C7D0C3C4266DF0360037F1FC /* Debug */ = {
			isa = XCBuildConfiguration;
			buildSettings = {
				ALWAYS_SEARCH_USER_PATHS = NO;
				CLANG_ANALYZER_NONNULL = YES;
				CLANG_ANALYZER_NUMBER_OBJECT_CONVERSION = YES_AGGRESSIVE;
				CLANG_CXX_LANGUAGE_STANDARD = "gnu++14";
				CLANG_CXX_LIBRARY = "libc++";
				CLANG_ENABLE_MODULES = YES;
				CLANG_ENABLE_OBJC_ARC = YES;
				CLANG_ENABLE_OBJC_WEAK = YES;
				CLANG_WARN_BLOCK_CAPTURE_AUTORELEASING = YES;
				CLANG_WARN_BOOL_CONVERSION = YES;
				CLANG_WARN_COMMA = YES;
				CLANG_WARN_CONSTANT_CONVERSION = YES;
				CLANG_WARN_DEPRECATED_OBJC_IMPLEMENTATIONS = YES;
				CLANG_WARN_DIRECT_OBJC_ISA_USAGE = YES_ERROR;
				CLANG_WARN_DOCUMENTATION_COMMENTS = YES;
				CLANG_WARN_EMPTY_BODY = YES;
				CLANG_WARN_ENUM_CONVERSION = YES;
				CLANG_WARN_INFINITE_RECURSION = YES;
				CLANG_WARN_INT_CONVERSION = YES;
				CLANG_WARN_NON_LITERAL_NULL_CONVERSION = YES;
				CLANG_WARN_OBJC_IMPLICIT_RETAIN_SELF = YES;
				CLANG_WARN_OBJC_LITERAL_CONVERSION = YES;
				CLANG_WARN_OBJC_ROOT_CLASS = YES_ERROR;
				CLANG_WARN_QUOTED_INCLUDE_IN_FRAMEWORK_HEADER = YES;
				CLANG_WARN_RANGE_LOOP_ANALYSIS = YES;
				CLANG_WARN_STRICT_PROTOTYPES = YES;
				CLANG_WARN_SUSPICIOUS_MOVE = YES;
				CLANG_WARN_UNGUARDED_AVAILABILITY = YES_AGGRESSIVE;
				CLANG_WARN_UNREACHABLE_CODE = YES;
				CLANG_WARN__DUPLICATE_METHOD_MATCH = YES;
				COPY_PHASE_STRIP = NO;
				DEBUG_INFORMATION_FORMAT = dwarf;
				ENABLE_STRICT_OBJC_MSGSEND = YES;
				ENABLE_TESTABILITY = YES;
				GCC_C_LANGUAGE_STANDARD = gnu11;
				GCC_DYNAMIC_NO_PIC = NO;
				GCC_NO_COMMON_BLOCKS = YES;
				GCC_OPTIMIZATION_LEVEL = 0;
				GCC_PREPROCESSOR_DEFINITIONS = (
					"DEBUG=1",
					"$(inherited)",
				);
				GCC_WARN_64_TO_32_BIT_CONVERSION = YES;
				GCC_WARN_ABOUT_RETURN_TYPE = YES_ERROR;
				GCC_WARN_UNDECLARED_SELECTOR = YES;
				GCC_WARN_UNINITIALIZED_AUTOS = YES_AGGRESSIVE;
				GCC_WARN_UNUSED_FUNCTION = YES;
				GCC_WARN_UNUSED_VARIABLE = YES;
				IPHONEOS_DEPLOYMENT_TARGET = 14.5;
				MTL_ENABLE_DEBUG_INFO = INCLUDE_SOURCE;
				MTL_FAST_MATH = YES;
				ONLY_ACTIVE_ARCH = YES;
				SDKROOT = iphoneos;
				SWIFT_ACTIVE_COMPILATION_CONDITIONS = DEBUG;
				SWIFT_OPTIMIZATION_LEVEL = "-Onone";
			};
			name = Debug;
		};
		C7D0C3C5266DF0360037F1FC /* Release */ = {
			isa = XCBuildConfiguration;
			buildSettings = {
				ALWAYS_SEARCH_USER_PATHS = NO;
				CLANG_ANALYZER_NONNULL = YES;
				CLANG_ANALYZER_NUMBER_OBJECT_CONVERSION = YES_AGGRESSIVE;
				CLANG_CXX_LANGUAGE_STANDARD = "gnu++14";
				CLANG_CXX_LIBRARY = "libc++";
				CLANG_ENABLE_MODULES = YES;
				CLANG_ENABLE_OBJC_ARC = YES;
				CLANG_ENABLE_OBJC_WEAK = YES;
				CLANG_WARN_BLOCK_CAPTURE_AUTORELEASING = YES;
				CLANG_WARN_BOOL_CONVERSION = YES;
				CLANG_WARN_COMMA = YES;
				CLANG_WARN_CONSTANT_CONVERSION = YES;
				CLANG_WARN_DEPRECATED_OBJC_IMPLEMENTATIONS = YES;
				CLANG_WARN_DIRECT_OBJC_ISA_USAGE = YES_ERROR;
				CLANG_WARN_DOCUMENTATION_COMMENTS = YES;
				CLANG_WARN_EMPTY_BODY = YES;
				CLANG_WARN_ENUM_CONVERSION = YES;
				CLANG_WARN_INFINITE_RECURSION = YES;
				CLANG_WARN_INT_CONVERSION = YES;
				CLANG_WARN_NON_LITERAL_NULL_CONVERSION = YES;
				CLANG_WARN_OBJC_IMPLICIT_RETAIN_SELF = YES;
				CLANG_WARN_OBJC_LITERAL_CONVERSION = YES;
				CLANG_WARN_OBJC_ROOT_CLASS = YES_ERROR;
				CLANG_WARN_QUOTED_INCLUDE_IN_FRAMEWORK_HEADER = YES;
				CLANG_WARN_RANGE_LOOP_ANALYSIS = YES;
				CLANG_WARN_STRICT_PROTOTYPES = YES;
				CLANG_WARN_SUSPICIOUS_MOVE = YES;
				CLANG_WARN_UNGUARDED_AVAILABILITY = YES_AGGRESSIVE;
				CLANG_WARN_UNREACHABLE_CODE = YES;
				CLANG_WARN__DUPLICATE_METHOD_MATCH = YES;
				COPY_PHASE_STRIP = NO;
				DEBUG_INFORMATION_FORMAT = "dwarf-with-dsym";
				ENABLE_NS_ASSERTIONS = NO;
				ENABLE_STRICT_OBJC_MSGSEND = YES;
				GCC_C_LANGUAGE_STANDARD = gnu11;
				GCC_NO_COMMON_BLOCKS = YES;
				GCC_WARN_64_TO_32_BIT_CONVERSION = YES;
				GCC_WARN_ABOUT_RETURN_TYPE = YES_ERROR;
				GCC_WARN_UNDECLARED_SELECTOR = YES;
				GCC_WARN_UNINITIALIZED_AUTOS = YES_AGGRESSIVE;
				GCC_WARN_UNUSED_FUNCTION = YES;
				GCC_WARN_UNUSED_VARIABLE = YES;
				IPHONEOS_DEPLOYMENT_TARGET = 14.5;
				MTL_ENABLE_DEBUG_INFO = NO;
				MTL_FAST_MATH = YES;
				SDKROOT = iphoneos;
				SWIFT_COMPILATION_MODE = wholemodule;
				SWIFT_OPTIMIZATION_LEVEL = "-O";
				VALIDATE_PRODUCT = YES;
			};
			name = Release;
		};
		C7D0C3C7266DF0360037F1FC /* Debug */ = {
			isa = XCBuildConfiguration;
			buildSettings = {
				ASSETCATALOG_COMPILER_APPICON_NAME = AppIcon;
				ASSETCATALOG_COMPILER_GLOBAL_ACCENT_COLOR_NAME = AccentColor;
				CODE_SIGN_STYLE = Automatic;
				DEVELOPMENT_TEAM = M4CW5KP5TP;
				INFOPLIST_FILE = HigherOrderFunctions/Info.plist;
				LD_RUNPATH_SEARCH_PATHS = (
					"$(inherited)",
					"@executable_path/Frameworks",
				);
				PRODUCT_BUNDLE_IDENTIFIER = com.prachibile.HigherOrderFunctions;
				PRODUCT_NAME = "$(TARGET_NAME)";
				SWIFT_VERSION = 5.0;
				TARGETED_DEVICE_FAMILY = "1,2";
			};
			name = Debug;
		};
		C7D0C3C8266DF0360037F1FC /* Release */ = {
			isa = XCBuildConfiguration;
			buildSettings = {
				ASSETCATALOG_COMPILER_APPICON_NAME = AppIcon;
				ASSETCATALOG_COMPILER_GLOBAL_ACCENT_COLOR_NAME = AccentColor;
				CODE_SIGN_STYLE = Automatic;
				DEVELOPMENT_TEAM = M4CW5KP5TP;
				INFOPLIST_FILE = HigherOrderFunctions/Info.plist;
				LD_RUNPATH_SEARCH_PATHS = (
					"$(inherited)",
					"@executable_path/Frameworks",
				);
				PRODUCT_BUNDLE_IDENTIFIER = com.prachibile.HigherOrderFunctions;
				PRODUCT_NAME = "$(TARGET_NAME)";
				SWIFT_VERSION = 5.0;
				TARGETED_DEVICE_FAMILY = "1,2";
			};
			name = Release;
		};
/* End XCBuildConfiguration section */

/* Begin XCConfigurationList section */
		C7D0C3AD266DF02E0037F1FC /* Build configuration list for PBXProject "HigherOrderFunctions" */ = {
			isa = XCConfigurationList;
			buildConfigurations = (
				C7D0C3C4266DF0360037F1FC /* Debug */,
				C7D0C3C5266DF0360037F1FC /* Release */,
			);
			defaultConfigurationIsVisible = 0;
			defaultConfigurationName = Release;
		};
		C7D0C3C6266DF0360037F1FC /* Build configuration list for PBXNativeTarget "HigherOrderFunctions" */ = {
			isa = XCConfigurationList;
			buildConfigurations = (
				C7D0C3C7266DF0360037F1FC /* Debug */,
				C7D0C3C8266DF0360037F1FC /* Release */,
			);
			defaultConfigurationIsVisible = 0;
			defaultConfigurationName = Release;
		};
/* End XCConfigurationList section */
	};
	rootObject = C7D0C3AA266DF02E0037F1FC /* Project object */;
}
